
Microsoft Visual Studio Solution File, Format Version 12.00
# Visual Studio Version 17
VisualStudioVersion = 17.3.32825.248
MinimumVisualStudioVersion = 10.0.40219.1
Project("{FAE04EC0-301F-11D3-BF4B-00C04F79EFBC}") = "TestProject", "TestProject\TestProject.csproj", "{D1DCB726-F786-4AF8-94F3-737142698B6E}"
EndProject
Project("{FAE04EC0-301F-11D3-BF4B-00C04F79EFBC}") = "TestProjectTests", "TestProjectTests\TestProjectTests.csproj", "{0A34AA5D-D03C-4E91-B7BA-13F6C19FA7C2}"
EndProject
Global
	GlobalSection(SolutionConfigurationPlatforms) = preSolution
		Debug|Any CPU = Debug|Any CPU
		Release|Any CPU = Release|Any CPU
	EndGlobalSection
	GlobalSection(ProjectConfigurationPlatforms) = postSolution
		{D1DCB726-F786-4AF8-94F3-737142698B6E}.Debug|Any CPU.ActiveCfg = Debug|Any CPU
		{D1DCB726-F786-4AF8-94F3-737142698B6E}.Debug|Any CPU.Build.0 = Debug|Any CPU
		{D1DCB726-F786-4AF8-94F3-737142698B6E}.Release|Any CPU.ActiveCfg = Release|Any CPU
		{D1DCB726-F786-4AF8-94F3-737142698B6E}.Release|Any CPU.Build.0 = Release|Any CPU
		{0A34AA5D-D03C-4E91-B7BA-13F6C19FA7C2}.Debug|Any CPU.ActiveCfg = Debug|Any CPU
		{0A34AA5D-D03C-4E91-B7BA-13F6C19FA7C2}.Debug|Any CPU.Build.0 = Debug|Any CPU
		{0A34AA5D-D03C-4E91-B7BA-13F6C19FA7C2}.Release|Any CPU.ActiveCfg = Release|Any CPU
		{0A34AA5D-D03C-4E91-B7BA-13F6C19FA7C2}.Release|Any CPU.Build.0 = Release|Any CPU
	EndGlobalSection
	GlobalSection(SolutionProperties) = preSolution
		HideSolutionNode = FALSE
	EndGlobalSection
	GlobalSection(ExtensibilityGlobals) = postSolution
		SolutionGuid = {60451A08-FBC9-4934-A981-B104D83D8979}
	EndGlobalSection
EndGlobal
